
Microsoft Visual Studio Solution File, Format Version 12.00
# Visual Studio Version 16
VisualStudioVersion = 16.0.30907.101
MinimumVisualStudioVersion = 10.0.40219.1
Project("{FAE04EC0-301F-11D3-BF4B-00C04F79EFBC}") = "ToastFish", "ToastFish.csproj", "{E674C965-350B-4A72-9929-908BFB20F678}"
EndProject
Global
	GlobalSection(SolutionConfigurationPlatforms) = preSolution
		Debug|Any CPU = Debug|Any CPU
		Release|Any CPU = Release|Any CPU
	EndGlobalSection
	GlobalSection(ProjectConfigurationPlatforms) = postSolution
		{E674C965-350B-4A72-9929-908BFB20F678}.Debug|Any CPU.ActiveCfg = Debug|Any CPU
		{E674C965-350B-4A72-9929-908BFB20F678}.Debug|Any CPU.Build.0 = Debug|Any CPU
		{E674C965-350B-4A72-9929-908BFB20F678}.Release|Any CPU.ActiveCfg = Release|Any CPU
		{E674C965-350B-4A72-9929-908BFB20F678}.Release|Any CPU.Build.0 = Release|Any CPU
	EndGlobalSection
	GlobalSection(SolutionProperties) = preSolution
		HideSolutionNode = FALSE
	EndGlobalSection
	GlobalSection(ExtensibilityGlobals) = postSolution
		SolutionGuid = {CBB4DC00-421B-4D58-9B06-4DADB499C1F6}
	EndGlobalSection
EndGlobal
